// !$*UTF8*$!
{
	archiveVersion = 1;
	classes = {
	};
	objectVersion = 51;
	objects = {

/* Begin PBXBuildFile section */
		175988082578B11E00B6FC06 /* CalendarViewController.swift in Sources */ = {isa = PBXBuildFile; fileRef = 175988072578B11E00B6FC06 /* CalendarViewController.swift */; };
		1786AED625782CBE00E6E776 /* AppDelegate.swift in Sources */ = {isa = PBXBuildFile; fileRef = 1786AED525782CBE00E6E776 /* AppDelegate.swift */; };
		1786AED825782CBE00E6E776 /* SceneDelegate.swift in Sources */ = {isa = PBXBuildFile; fileRef = 1786AED725782CBE00E6E776 /* SceneDelegate.swift */; };
		1786AEDA25782CBE00E6E776 /* ViewController.swift in Sources */ = {isa = PBXBuildFile; fileRef = 1786AED925782CBE00E6E776 /* ViewController.swift */; };
		1786AEDD25782CBE00E6E776 /* Main.storyboard in Resources */ = {isa = PBXBuildFile; fileRef = 1786AEDB25782CBE00E6E776 /* Main.storyboard */; };
		1786AEDF25782CC100E6E776 /* Assets.xcassets in Resources */ = {isa = PBXBuildFile; fileRef = 1786AEDE25782CC100E6E776 /* Assets.xcassets */; };
		1786AEE225782CC100E6E776 /* LaunchScreen.storyboard in Resources */ = {isa = PBXBuildFile; fileRef = 1786AEE025782CC100E6E776 /* LaunchScreen.storyboard */; };
		8E47899728F2BEDA0BB1A8EB /* Pods_Journal.framework in Frameworks */ = {isa = PBXBuildFile; fileRef = 98D31BA6A13BEB7DAAD39033 /* Pods_Journal.framework */; };
/* End PBXBuildFile section */

/* Begin PBXFileReference section */
		175988072578B11E00B6FC06 /* CalendarViewController.swift */ = {isa = PBXFileReference; lastKnownFileType = sourcecode.swift; path = CalendarViewController.swift; sourceTree = "<group>"; };
		1786AED225782CBE00E6E776 /* Journal.app */ = {isa = PBXFileReference; explicitFileType = wrapper.application; includeInIndex = 0; path = Journal.app; sourceTree = BUILT_PRODUCTS_DIR; };
		1786AED525782CBE00E6E776 /* AppDelegate.swift */ = {isa = PBXFileReference; lastKnownFileType = sourcecode.swift; path = AppDelegate.swift; sourceTree = "<group>"; };
		1786AED725782CBE00E6E776 /* SceneDelegate.swift */ = {isa = PBXFileReference; lastKnownFileType = sourcecode.swift; path = SceneDelegate.swift; sourceTree = "<group>"; };
		1786AED925782CBE00E6E776 /* ViewController.swift */ = {isa = PBXFileReference; lastKnownFileType = sourcecode.swift; path = ViewController.swift; sourceTree = "<group>"; };
		1786AEDC25782CBE00E6E776 /* Base */ = {isa = PBXFileReference; lastKnownFileType = file.storyboard; name = Base; path = Base.lproj/Main.storyboard; sourceTree = "<group>"; };
		1786AEDE25782CC100E6E776 /* Assets.xcassets */ = {isa = PBXFileReference; lastKnownFileType = folder.assetcatalog; path = Assets.xcassets; sourceTree = "<group>"; };
		1786AEE125782CC100E6E776 /* Base */ = {isa = PBXFileReference; lastKnownFileType = file.storyboard; name = Base; path = Base.lproj/LaunchScreen.storyboard; sourceTree = "<group>"; };
		1786AEE325782CC100E6E776 /* Info.plist */ = {isa = PBXFileReference; lastKnownFileType = text.plist.xml; path = Info.plist; sourceTree = "<group>"; };
		7766643CE540B0847D97818D /* Pods-Journal.release.xcconfig */ = {isa = PBXFileReference; includeInIndex = 1; lastKnownFileType = text.xcconfig; name = "Pods-Journal.release.xcconfig"; path = "Target Support Files/Pods-Journal/Pods-Journal.release.xcconfig"; sourceTree = "<group>"; };
		98D31BA6A13BEB7DAAD39033 /* Pods_Journal.framework */ = {isa = PBXFileReference; explicitFileType = wrapper.framework; includeInIndex = 0; path = Pods_Journal.framework; sourceTree = BUILT_PRODUCTS_DIR; };
		DB5A88CFE5407236DD048FC2 /* Pods-Journal.debug.xcconfig */ = {isa = PBXFileReference; includeInIndex = 1; lastKnownFileType = text.xcconfig; name = "Pods-Journal.debug.xcconfig"; path = "Target Support Files/Pods-Journal/Pods-Journal.debug.xcconfig"; sourceTree = "<group>"; };
/* End PBXFileReference section */

/* Begin PBXFrameworksBuildPhase section */
		1786AECF25782CBE00E6E776 /* Frameworks */ = {
			isa = PBXFrameworksBuildPhase;
			buildActionMask = 2147483647;
			files = (
				8E47899728F2BEDA0BB1A8EB /* Pods_Journal.framework in Frameworks */,
			);
			runOnlyForDeploymentPostprocessing = 0;
		};
/* End PBXFrameworksBuildPhase section */

/* Begin PBXGroup section */
		1786AEC925782CBE00E6E776 = {
			isa = PBXGroup;
			children = (
				1786AED425782CBE00E6E776 /* Journal */,
				1786AED325782CBE00E6E776 /* Products */,
				8A5FF23D1A3288321A86B42C /* Pods */,
				FDDF61D4AACE5D9DD8720E8B /* Frameworks */,
			);
			sourceTree = "<group>";
		};
		1786AED325782CBE00E6E776 /* Products */ = {
			isa = PBXGroup;
			children = (
				1786AED225782CBE00E6E776 /* Journal.app */,
			);
			name = Products;
			sourceTree = "<group>";
		};
		1786AED425782CBE00E6E776 /* Journal */ = {
			isa = PBXGroup;
			children = (
				1786AED525782CBE00E6E776 /* AppDelegate.swift */,
				1786AED725782CBE00E6E776 /* SceneDelegate.swift */,
				1786AED925782CBE00E6E776 /* ViewController.swift */,
				1786AEDB25782CBE00E6E776 /* Main.storyboard */,
				175988072578B11E00B6FC06 /* CalendarViewController.swift */,
				1786AEDE25782CC100E6E776 /* Assets.xcassets */,
				1786AEE025782CC100E6E776 /* LaunchScreen.storyboard */,
				1786AEE325782CC100E6E776 /* Info.plist */,
			);
			path = Journal;
			sourceTree = "<group>";
		};
		8A5FF23D1A3288321A86B42C /* Pods */ = {
			isa = PBXGroup;
			children = (
				DB5A88CFE5407236DD048FC2 /* Pods-Journal.debug.xcconfig */,
				7766643CE540B0847D97818D /* Pods-Journal.release.xcconfig */,
			);
			path = Pods;
			sourceTree = "<group>";
		};
		FDDF61D4AACE5D9DD8720E8B /* Frameworks */ = {
			isa = PBXGroup;
			children = (
				98D31BA6A13BEB7DAAD39033 /* Pods_Journal.framework */,
			);
			name = Frameworks;
			sourceTree = "<group>";
		};
/* End PBXGroup section */

/* Begin PBXNativeTarget section */
		1786AED125782CBE00E6E776 /* Journal */ = {
			isa = PBXNativeTarget;
			buildConfigurationList = 1786AEE625782CC100E6E776 /* Build configuration list for PBXNativeTarget "Journal" */;
			buildPhases = (
				34376CA568BAFA5F1EECC1BE /* [CP] Check Pods Manifest.lock */,
				1786AECE25782CBE00E6E776 /* Sources */,
				1786AECF25782CBE00E6E776 /* Frameworks */,
				1786AED025782CBE00E6E776 /* Resources */,
				8C6E98EAD2B129573A968958 /* [CP] Embed Pods Frameworks */,
			);
			buildRules = (
			);
			dependencies = (
			);
			name = Journal;
			productName = Journal;
			productReference = 1786AED225782CBE00E6E776 /* Journal.app */;
			productType = "com.apple.product-type.application";
		};
/* End PBXNativeTarget section */

/* Begin PBXProject section */
		1786AECA25782CBE00E6E776 /* Project object */ = {
			isa = PBXProject;
			attributes = {
				LastSwiftUpdateCheck = 1220;
				LastUpgradeCheck = 1220;
				TargetAttributes = {
					1786AED125782CBE00E6E776 = {
						CreatedOnToolsVersion = 12.2;
					};
				};
			};
			buildConfigurationList = 1786AECD25782CBE00E6E776 /* Build configuration list for PBXProject "Journal" */;
			compatibilityVersion = "Xcode 9.3";
			developmentRegion = en;
			hasScannedForEncodings = 0;
			knownRegions = (
				en,
				Base,
			);
			mainGroup = 1786AEC925782CBE00E6E776;
			productRefGroup = 1786AED325782CBE00E6E776 /* Products */;
			projectDirPath = "";
			projectRoot = "";
			targets = (
				1786AED125782CBE00E6E776 /* Journal */,
			);
		};
/* End PBXProject section */

/* Begin PBXResourcesBuildPhase section */
		1786AED025782CBE00E6E776 /* Resources */ = {
			isa = PBXResourcesBuildPhase;
			buildActionMask = 2147483647;
			files = (
				1786AEE225782CC100E6E776 /* LaunchScreen.storyboard in Resources */,
				1786AEDF25782CC100E6E776 /* Assets.xcassets in Resources */,
				1786AEDD25782CBE00E6E776 /* Main.storyboard in Resources */,
			);
			runOnlyForDeploymentPostprocessing = 0;
		};
/* End PBXResourcesBuildPhase section */

/* Begin PBXShellScriptBuildPhase section */
		34376CA568BAFA5F1EECC1BE /* [CP] Check Pods Manifest.lock */ = {
			isa = PBXShellScriptBuildPhase;
			buildActionMask = 2147483647;
			files = (
			);
			inputFileListPaths = (
			);
			inputPaths = (
				"${PODS_PODFILE_DIR_PATH}/Podfile.lock",
				"${PODS_ROOT}/Manifest.lock",
			);
			name = "[CP] Check Pods Manifest.lock";
			outputFileListPaths = (
			);
			outputPaths = (
				"$(DERIVED_FILE_DIR)/Pods-Journal-checkManifestLockResult.txt",
			);
			runOnlyForDeploymentPostprocessing = 0;
			shellPath = /bin/sh;
			shellScript = "diff \"${PODS_PODFILE_DIR_PATH}/Podfile.lock\" \"${PODS_ROOT}/Manifest.lock\" > /dev/null\nif [ $? != 0 ] ; then\n    # print error to STDERR\n    echo \"error: The sandbox is not in sync with the Podfile.lock. Run 'pod install' or update your CocoaPods installation.\" >&2\n    exit 1\nfi\n# This output is used by Xcode 'outputs' to avoid re-running this script phase.\necho \"SUCCESS\" > \"${SCRIPT_OUTPUT_FILE_0}\"\n";
			showEnvVarsInLog = 0;
		};
		8C6E98EAD2B129573A968958 /* [CP] Embed Pods Frameworks */ = {
			isa = PBXShellScriptBuildPhase;
			buildActionMask = 2147483647;
			files = (
			);
			inputFileListPaths = (
				"${PODS_ROOT}/Target Support Files/Pods-Journal/Pods-Journal-frameworks-${CONFIGURATION}-input-files.xcfilelist",
			);
			name = "[CP] Embed Pods Frameworks";
			outputFileListPaths = (
				"${PODS_ROOT}/Target Support Files/Pods-Journal/Pods-Journal-frameworks-${CONFIGURATION}-output-files.xcfilelist",
			);
			runOnlyForDeploymentPostprocessing = 0;
			shellPath = /bin/sh;
			shellScript = "\"${PODS_ROOT}/Target Support Files/Pods-Journal/Pods-Journal-frameworks.sh\"\n";
			showEnvVarsInLog = 0;
		};
/* End PBXShellScriptBuildPhase section */

/* Begin PBXSourcesBuildPhase section */
		1786AECE25782CBE00E6E776 /* Sources */ = {
			isa = PBXSourcesBuildPhase;
			buildActionMask = 2147483647;
			files = (
				175988082578B11E00B6FC06 /* CalendarViewController.swift in Sources */,
				1786AEDA25782CBE00E6E776 /* ViewController.swift in Sources */,
				1786AED625782CBE00E6E776 /* AppDelegate.swift in Sources */,
				1786AED825782CBE00E6E776 /* SceneDelegate.swift in Sources */,
			);
			runOnlyForDeploymentPostprocessing = 0;
		};
/* End PBXSourcesBuildPhase section */

/* Begin PBXVariantGroup section */
		1786AEDB25782CBE00E6E776 /* Main.storyboard */ = {
			isa = PBXVariantGroup;
			children = (
				1786AEDC25782CBE00E6E776 /* Base */,
			);
			name = Main.storyboard;
			sourceTree = "<group>";
		};
		1786AEE025782CC100E6E776 /* LaunchScreen.storyboard */ = {
			isa = PBXVariantGroup;
			children = (
				1786AEE125782CC100E6E776 /* Base */,
			);
			name = LaunchScreen.storyboard;
			sourceTree = "<group>";
		};
/* End PBXVariantGroup section */

/* Begin XCBuildConfiguration section */
		1786AEE425782CC100E6E776 /* Debug */ = {
			isa = XCBuildConfiguration;
			buildSettings = {
				ALWAYS_SEARCH_USER_PATHS = NO;
				CLANG_ANALYZER_NONNULL = YES;
				CLANG_ANALYZER_NUMBER_OBJECT_CONVERSION = YES_AGGRESSIVE;
				CLANG_CXX_LANGUAGE_STANDARD = "gnu++14";
				CLANG_CXX_LIBRARY = "libc++";
				CLANG_ENABLE_MODULES = YES;
				CLANG_ENABLE_OBJC_ARC = YES;
				CLANG_ENABLE_OBJC_WEAK = YES;
				CLANG_WARN_BLOCK_CAPTURE_AUTORELEASING = YES;
				CLANG_WARN_BOOL_CONVERSION = YES;
				CLANG_WARN_COMMA = YES;
				CLANG_WARN_CONSTANT_CONVERSION = YES;
				CLANG_WARN_DEPRECATED_OBJC_IMPLEMENTATIONS = YES;
				CLANG_WARN_DIRECT_OBJC_ISA_USAGE = YES_ERROR;
				CLANG_WARN_DOCUMENTATION_COMMENTS = YES;
				CLANG_WARN_EMPTY_BODY = YES;
				CLANG_WARN_ENUM_CONVERSION = YES;
				CLANG_WARN_INFINITE_RECURSION = YES;
				CLANG_WARN_INT_CONVERSION = YES;
				CLANG_WARN_NON_LITERAL_NULL_CONVERSION = YES;
				CLANG_WARN_OBJC_IMPLICIT_RETAIN_SELF = YES;
				CLANG_WARN_OBJC_LITERAL_CONVERSION = YES;
				CLANG_WARN_OBJC_ROOT_CLASS = YES_ERROR;
				CLANG_WARN_QUOTED_INCLUDE_IN_FRAMEWORK_HEADER = YES;
				CLANG_WARN_RANGE_LOOP_ANALYSIS = YES;
				CLANG_WARN_STRICT_PROTOTYPES = YES;
				CLANG_WARN_SUSPICIOUS_MOVE = YES;
				CLANG_WARN_UNGUARDED_AVAILABILITY = YES_AGGRESSIVE;
				CLANG_WARN_UNREACHABLE_CODE = YES;
				CLANG_WARN__DUPLICATE_METHOD_MATCH = YES;
				COPY_PHASE_STRIP = NO;
				DEBUG_INFORMATION_FORMAT = dwarf;
				ENABLE_STRICT_OBJC_MSGSEND = YES;
				ENABLE_TESTABILITY = YES;
				GCC_C_LANGUAGE_STANDARD = gnu11;
				GCC_DYNAMIC_NO_PIC = NO;
				GCC_NO_COMMON_BLOCKS = YES;
				GCC_OPTIMIZATION_LEVEL = 0;
				GCC_PREPROCESSOR_DEFINITIONS = (
					"DEBUG=1",
					"$(inherited)",
				);
				GCC_WARN_64_TO_32_BIT_CONVERSION = YES;
				GCC_WARN_ABOUT_RETURN_TYPE = YES_ERROR;
				GCC_WARN_UNDECLARED_SELECTOR = YES;
				GCC_WARN_UNINITIALIZED_AUTOS = YES_AGGRESSIVE;
				GCC_WARN_UNUSED_FUNCTION = YES;
				GCC_WARN_UNUSED_VARIABLE = YES;
				IPHONEOS_DEPLOYMENT_TARGET = 14.2;
				MTL_ENABLE_DEBUG_INFO = INCLUDE_SOURCE;
				MTL_FAST_MATH = YES;
				ONLY_ACTIVE_ARCH = YES;
				SDKROOT = iphoneos;
				SWIFT_ACTIVE_COMPILATION_CONDITIONS = DEBUG;
				SWIFT_OPTIMIZATION_LEVEL = "-Onone";
			};
			name = Debug;
		};
		1786AEE525782CC100E6E776 /* Release */ = {
			isa = XCBuildConfiguration;
			buildSettings = {
				ALWAYS_SEARCH_USER_PATHS = NO;
				CLANG_ANALYZER_NONNULL = YES;
				CLANG_ANALYZER_NUMBER_OBJECT_CONVERSION = YES_AGGRESSIVE;
				CLANG_CXX_LANGUAGE_STANDARD = "gnu++14";
				CLANG_CXX_LIBRARY = "libc++";
				CLANG_ENABLE_MODULES = YES;
				CLANG_ENABLE_OBJC_ARC = YES;
				CLANG_ENABLE_OBJC_WEAK = YES;
				CLANG_WARN_BLOCK_CAPTURE_AUTORELEASING = YES;
				CLANG_WARN_BOOL_CONVERSION = YES;
				CLANG_WARN_COMMA = YES;
				CLANG_WARN_CONSTANT_CONVERSION = YES;
				CLANG_WARN_DEPRECATED_OBJC_IMPLEMENTATIONS = YES;
				CLANG_WARN_DIRECT_OBJC_ISA_USAGE = YES_ERROR;
				CLANG_WARN_DOCUMENTATION_COMMENTS = YES;
				CLANG_WARN_EMPTY_BODY = YES;
				CLANG_WARN_ENUM_CONVERSION = YES;
				CLANG_WARN_INFINITE_RECURSION = YES;
				CLANG_WARN_INT_CONVERSION = YES;
				CLANG_WARN_NON_LITERAL_NULL_CONVERSION = YES;
				CLANG_WARN_OBJC_IMPLICIT_RETAIN_SELF = YES;
				CLANG_WARN_OBJC_LITERAL_CONVERSION = YES;
				CLANG_WARN_OBJC_ROOT_CLASS = YES_ERROR;
				CLANG_WARN_QUOTED_INCLUDE_IN_FRAMEWORK_HEADER = YES;
				CLANG_WARN_RANGE_LOOP_ANALYSIS = YES;
				CLANG_WARN_STRICT_PROTOTYPES = YES;
				CLANG_WARN_SUSPICIOUS_MOVE = YES;
				CLANG_WARN_UNGUARDED_AVAILABILITY = YES_AGGRESSIVE;
				CLANG_WARN_UNREACHABLE_CODE = YES;
				CLANG_WARN__DUPLICATE_METHOD_MATCH = YES;
				COPY_PHASE_STRIP = NO;
				DEBUG_INFORMATION_FORMAT = "dwarf-with-dsym";
				ENABLE_NS_ASSERTIONS = NO;
				ENABLE_STRICT_OBJC_MSGSEND = YES;
				GCC_C_LANGUAGE_STANDARD = gnu11;
				GCC_NO_COMMON_BLOCKS = YES;
				GCC_WARN_64_TO_32_BIT_CONVERSION = YES;
				GCC_WARN_ABOUT_RETURN_TYPE = YES_ERROR;
				GCC_WARN_UNDECLARED_SELECTOR = YES;
				GCC_WARN_UNINITIALIZED_AUTOS = YES_AGGRESSIVE;
				GCC_WARN_UNUSED_FUNCTION = YES;
				GCC_WARN_UNUSED_VARIABLE = YES;
				IPHONEOS_DEPLOYMENT_TARGET = 14.2;
				MTL_ENABLE_DEBUG_INFO = NO;
				MTL_FAST_MATH = YES;
				SDKROOT = iphoneos;
				SWIFT_COMPILATION_MODE = wholemodule;
				SWIFT_OPTIMIZATION_LEVEL = "-O";
				VALIDATE_PRODUCT = YES;
			};
			name = Release;
		};
		1786AEE725782CC100E6E776 /* Debug */ = {
			isa = XCBuildConfiguration;
			baseConfigurationReference = DB5A88CFE5407236DD048FC2 /* Pods-Journal.debug.xcconfig */;
			buildSettings = {
				ASSETCATALOG_COMPILER_APPICON_NAME = AppIcon;
				ASSETCATALOG_COMPILER_GLOBAL_ACCENT_COLOR_NAME = AccentColor;
				CODE_SIGN_STYLE = Automatic;
				INFOPLIST_FILE = Journal/Info.plist;
				LD_RUNPATH_SEARCH_PATHS = (
					"$(inherited)",
					"@executable_path/Frameworks",
				);
				PRODUCT_BUNDLE_IDENTIFIER = Such.Journal;
				PRODUCT_NAME = "$(TARGET_NAME)";
				SWIFT_VERSION = 5.0;
				TARGETED_DEVICE_FAMILY = "1,2";
			};
			name = Debug;
		};
		1786AEE825782CC100E6E776 /* Release */ = {
			isa = XCBuildConfiguration;
			baseConfigurationReference = 7766643CE540B0847D97818D /* Pods-Journal.release.xcconfig */;
			buildSettings = {
				ASSETCATALOG_COMPILER_APPICON_NAME = AppIcon;
				ASSETCATALOG_COMPILER_GLOBAL_ACCENT_COLOR_NAME = AccentColor;
				CODE_SIGN_STYLE = Automatic;
				INFOPLIST_FILE = Journal/Info.plist;
				LD_RUNPATH_SEARCH_PATHS = (
					"$(inherited)",
					"@executable_path/Frameworks",
				);
				PRODUCT_BUNDLE_IDENTIFIER = Such.Journal;
				PRODUCT_NAME = "$(TARGET_NAME)";
				SWIFT_VERSION = 5.0;
				TARGETED_DEVICE_FAMILY = "1,2";
			};
			name = Release;
		};
/* End XCBuildConfiguration section */

/* Begin XCConfigurationList section */
		1786AECD25782CBE00E6E776 /* Build configuration list for PBXProject "Journal" */ = {
			isa = XCConfigurationList;
			buildConfigurations = (
				1786AEE425782CC100E6E776 /* Debug */,
				1786AEE525782CC100E6E776 /* Release */,
			);
			defaultConfigurationIsVisible = 0;
			defaultConfigurationName = Release;
		};
		1786AEE625782CC100E6E776 /* Build configuration list for PBXNativeTarget "Journal" */ = {
			isa = XCConfigurationList;
			buildConfigurations = (
				1786AEE725782CC100E6E776 /* Debug */,
				1786AEE825782CC100E6E776 /* Release */,
			);
			defaultConfigurationIsVisible = 0;
			defaultConfigurationName = Release;
		};
/* End XCConfigurationList section */
	};
	rootObject = 1786AECA25782CBE00E6E776 /* Project object */;
}
